
Microsoft Visual Studio Solution File, Format Version 12.00
# Blend for Visual Studio Version 16
VisualStudioVersion = 16.0.31005.135
MinimumVisualStudioVersion = 10.0.40219.1
Project("{FAE04EC0-301F-11D3-BF4B-00C04F79EFBC}") = "Dark Hub", "Dark Hub\Dark Hub.csproj", "{DCCEB955-098C-4AF5-B5BA-5EA184817700}"
EndProject
Global
	GlobalSection(SolutionConfigurationPlatforms) = preSolution
		Debug|Any CPU = Debug|Any CPU
		Release|Any CPU = Release|Any CPU
	EndGlobalSection
	GlobalSection(ProjectConfigurationPlatforms) = postSolution
		{DCCEB955-098C-4AF5-B5BA-5EA184817700}.Debug|Any CPU.ActiveCfg = Debug|Any CPU
		{DCCEB955-098C-4AF5-B5BA-5EA184817700}.Debug|Any CPU.Build.0 = Debug|Any CPU
		{DCCEB955-098C-4AF5-B5BA-5EA184817700}.Release|Any CPU.ActiveCfg = Release|Any CPU
		{DCCEB955-098C-4AF5-B5BA-5EA184817700}.Release|Any CPU.Build.0 = Release|Any CPU
	EndGlobalSection
	GlobalSection(SolutionProperties) = preSolution
		HideSolutionNode = FALSE
	EndGlobalSection
	GlobalSection(ExtensibilityGlobals) = postSolution
		SolutionGuid = {E8C5DFB3-F793-4102-84F6-6025C50E6976}
	EndGlobalSection
EndGlobal
